
Microsoft Visual Studio Solution File, Format Version 12.00
# Visual Studio Version 17
VisualStudioVersion = 17.3.32901.215
MinimumVisualStudioVersion = 10.0.40219.1
Project("{FAE04EC0-301F-11D3-BF4B-00C04F79EFBC}") = "Fecha", "Fecha\Fecha.csproj", "{91790959-6A60-45F8-A590-52EB829A95BD}"
EndProject
Global
	GlobalSection(SolutionConfigurationPlatforms) = preSolution
		Debug|Any CPU = Debug|Any CPU
		Release|Any CPU = Release|Any CPU
	EndGlobalSection
	GlobalSection(ProjectConfigurationPlatforms) = postSolution
		{91790959-6A60-45F8-A590-52EB829A95BD}.Debug|Any CPU.ActiveCfg = Debug|Any CPU
		{91790959-6A60-45F8-A590-52EB829A95BD}.Debug|Any CPU.Build.0 = Debug|Any CPU
		{91790959-6A60-45F8-A590-52EB829A95BD}.Release|Any CPU.ActiveCfg = Release|Any CPU
		{91790959-6A60-45F8-A590-52EB829A95BD}.Release|Any CPU.Build.0 = Release|Any CPU
	EndGlobalSection
	GlobalSection(SolutionProperties) = preSolution
		HideSolutionNode = FALSE
	EndGlobalSection
	GlobalSection(ExtensibilityGlobals) = postSolution
		SolutionGuid = {46BEB2A9-15C8-48C3-B357-03FE41C337AB}
	EndGlobalSection
EndGlobal
