
Microsoft Visual Studio Solution File, Format Version 12.00
# Visual Studio Version 17
VisualStudioVersion = 17.3.32901.215
MinimumVisualStudioVersion = 10.0.40219.1
Project("{FAE04EC0-301F-11D3-BF4B-00C04F79EFBC}") = "leer fecha", "leer fecha\leer fecha.csproj", "{0A87811E-C83C-493F-8CC4-55366F16F09D}"
EndProject
Global
	GlobalSection(SolutionConfigurationPlatforms) = preSolution
		Debug|Any CPU = Debug|Any CPU
		Release|Any CPU = Release|Any CPU
	EndGlobalSection
	GlobalSection(ProjectConfigurationPlatforms) = postSolution
		{0A87811E-C83C-493F-8CC4-55366F16F09D}.Debug|Any CPU.ActiveCfg = Debug|Any CPU
		{0A87811E-C83C-493F-8CC4-55366F16F09D}.Debug|Any CPU.Build.0 = Debug|Any CPU
		{0A87811E-C83C-493F-8CC4-55366F16F09D}.Release|Any CPU.ActiveCfg = Release|Any CPU
		{0A87811E-C83C-493F-8CC4-55366F16F09D}.Release|Any CPU.Build.0 = Release|Any CPU
	EndGlobalSection
	GlobalSection(SolutionProperties) = preSolution
		HideSolutionNode = FALSE
	EndGlobalSection
	GlobalSection(ExtensibilityGlobals) = postSolution
		SolutionGuid = {F48BCFB6-CA17-4952-B85F-00F56F8A9FC2}
	EndGlobalSection
EndGlobal
